
Microsoft Visual Studio Solution File, Format Version 12.00
# Visual Studio Version 16
VisualStudioVersion = 16.0.30011.22
MinimumVisualStudioVersion = 10.0.40219.1
Project("{FAE04EC0-301F-11D3-BF4B-00C04F79EFBC}") = "Chapter1_1", "Chapter1\Chapter1_1.csproj", "{87C1A30D-8C2A-48AB-989D-0BC8993E1293}"
EndProject
Project("{FAE04EC0-301F-11D3-BF4B-00C04F79EFBC}") = "Chapter1_2", "Chapter2\Chapter1_2.csproj", "{659FF682-6F75-4D17-91E8-20E3656B6F1E}"
EndProject
Global
	GlobalSection(SolutionConfigurationPlatforms) = preSolution
		Debug|Any CPU = Debug|Any CPU
		Release|Any CPU = Release|Any CPU
	EndGlobalSection
	GlobalSection(ProjectConfigurationPlatforms) = postSolution
		{87C1A30D-8C2A-48AB-989D-0BC8993E1293}.Debug|Any CPU.ActiveCfg = Debug|Any CPU
		{87C1A30D-8C2A-48AB-989D-0BC8993E1293}.Debug|Any CPU.Build.0 = Debug|Any CPU
		{87C1A30D-8C2A-48AB-989D-0BC8993E1293}.Release|Any CPU.ActiveCfg = Release|Any CPU
		{87C1A30D-8C2A-48AB-989D-0BC8993E1293}.Release|Any CPU.Build.0 = Release|Any CPU
		{659FF682-6F75-4D17-91E8-20E3656B6F1E}.Debug|Any CPU.ActiveCfg = Debug|Any CPU
		{659FF682-6F75-4D17-91E8-20E3656B6F1E}.Debug|Any CPU.Build.0 = Debug|Any CPU
		{659FF682-6F75-4D17-91E8-20E3656B6F1E}.Release|Any CPU.ActiveCfg = Release|Any CPU
		{659FF682-6F75-4D17-91E8-20E3656B6F1E}.Release|Any CPU.Build.0 = Release|Any CPU
	EndGlobalSection
	GlobalSection(SolutionProperties) = preSolution
		HideSolutionNode = FALSE
	EndGlobalSection
	GlobalSection(ExtensibilityGlobals) = postSolution
		SolutionGuid = {AAEFE41A-A332-4648-92D4-264CAE1531CC}
	EndGlobalSection
EndGlobal
